PODS:
  - Capacitor (7.2.0):
    - CapacitorCordova
  - CapacitorApp (7.0.2):
    - Capacitor
  - CapacitorCordova (7.2.0)
  - CapacitorGeolocation (7.1.5):
    - Capacitor
    - IONGeolocationLib (= 1.0.1)
  - CapacitorKeyboard (7.0.2):
    - Capacitor
  - IONGeolocationLib (1.0.1)

DEPENDENCIES:
  - "Capacitor (from `../../node_modules/.pnpm/@capacitor+ios@7.2.0_@capacitor+core@7.2.0/node_modules/@capacitor/ios`)"
  - "CapacitorApp (from `../../node_modules/.pnpm/@capacitor+app@7.0.2_@capacitor+core@7.2.0/node_modules/@capacitor/app`)"
  - "CapacitorCordova (from `../../node_modules/.pnpm/@capacitor+ios@7.2.0_@capacitor+core@7.2.0/node_modules/@capacitor/ios`)"
  - "CapacitorGeolocation (from `../../node_modules/.pnpm/@capacitor+geolocation@7.1.5_@capacitor+core@7.2.0/node_modules/@capacitor/geolocation`)"
  - "CapacitorKeyboard (from `../../node_modules/.pnpm/@capacitor+keyboard@7.0.2_@capacitor+core@7.2.0/node_modules/@capacitor/keyboard`)"

SPEC REPOS:
  trunk:
    - IONGeolocationLib

EXTERNAL SOURCES:
  Capacitor:
    :path: "../../node_modules/.pnpm/@capacitor+ios@7.2.0_@capacitor+core@7.2.0/node_modules/@capacitor/ios"
  CapacitorApp:
    :path: "../../node_modules/.pnpm/@capacitor+app@7.0.2_@capacitor+core@7.2.0/node_modules/@capacitor/app"
  CapacitorCordova:
    :path: "../../node_modules/.pnpm/@capacitor+ios@7.2.0_@capacitor+core@7.2.0/node_modules/@capacitor/ios"
  CapacitorGeolocation:
    :path: "../../node_modules/.pnpm/@capacitor+geolocation@7.1.5_@capacitor+core@7.2.0/node_modules/@capacitor/geolocation"
  CapacitorKeyboard:
    :path: "../../node_modules/.pnpm/@capacitor+keyboard@7.0.2_@capacitor+core@7.2.0/node_modules/@capacitor/keyboard"

SPEC CHECKSUMS:
  Capacitor: 03bc7cbdde6a629a8b910a9d7d78c3cc7ed09ea7
  CapacitorApp: 1f6922c9c5c8b1c538d7fbe92ebe44a81b34bed3
  CapacitorCordova: 5967b9ba03915ef1d585469d6e31f31dc49be96f
  CapacitorGeolocation: 84f868bea4c2499aebc3bb3a88fd0a508f87ab87
  CapacitorKeyboard: a86aa9e4741b6444a802df26440a92ae041b34a6
  IONGeolocationLib: 20f9d0248a0b5264511fb57a37e25dd2badf797a

PODFILE CHECKSUM: a02ca3d243d5d2c6a56cd2a433df3ecf3eb15058

COCOAPODS: 1.16.2
